// !$*UTF8*$!
{
	archiveVersion = 1;
	classes = {
	};
	objectVersion = 48;
	objects = {

/* Begin PBXBuildFile section */
		93CE7D20C7B7F4E618BBAFC6 /* Pods_GNP.framework in Frameworks */ = {isa = PBXBuildFile; fileRef = C0344C0215F4833A47D3B1C0 /* Pods_GNP.framework */; };
		CE0CD5441FFCC5C300F17815 /* NotSavedArticle.swift in Sources */ = {isa = PBXBuildFile; fileRef = CE0CD5431FFCC5C300F17815 /* NotSavedArticle.swift */; };
		CE0CD5461FFCC5E500F17815 /* NotSavedSource.swift in Sources */ = {isa = PBXBuildFile; fileRef = CE0CD5451FFCC5E500F17815 /* NotSavedSource.swift */; };
		CE0CD54A1FFCC62500F17815 /* ArticleProtocol.swift in Sources */ = {isa = PBXBuildFile; fileRef = CE0CD5491FFCC62500F17815 /* ArticleProtocol.swift */; };
		CE0CD54C1FFCC63500F17815 /* SourceProtocol.swift in Sources */ = {isa = PBXBuildFile; fileRef = CE0CD54B1FFCC63500F17815 /* SourceProtocol.swift */; };
		CE0CD5571FFCC72C00F17815 /* Source+CoreDataClass.swift in Sources */ = {isa = PBXBuildFile; fileRef = CE0CD5511FFCC72C00F17815 /* Source+CoreDataClass.swift */; };
		CE0CD5581FFCC72C00F17815 /* Source+CoreDataProperties.swift in Sources */ = {isa = PBXBuildFile; fileRef = CE0CD5521FFCC72C00F17815 /* Source+CoreDataProperties.swift */; };
		CE0CD5591FFCC72C00F17815 /* Article+CoreDataClass.swift in Sources */ = {isa = PBXBuildFile; fileRef = CE0CD5531FFCC72C00F17815 /* Article+CoreDataClass.swift */; };
		CE0CD55A1FFCC72C00F17815 /* Article+CoreDataProperties.swift in Sources */ = {isa = PBXBuildFile; fileRef = CE0CD5541FFCC72C00F17815 /* Article+CoreDataProperties.swift */; };
		CE0CD55B1FFCC72C00F17815 /* Category+CoreDataClass.swift in Sources */ = {isa = PBXBuildFile; fileRef = CE0CD5551FFCC72C00F17815 /* Category+CoreDataClass.swift */; };
		CE0CD55C1FFCC72C00F17815 /* Category+CoreDataProperties.swift in Sources */ = {isa = PBXBuildFile; fileRef = CE0CD5561FFCC72C00F17815 /* Category+CoreDataProperties.swift */; };
		CE0CD55F1FFCCB3500F17815 /* String+Custom.swift in Sources */ = {isa = PBXBuildFile; fileRef = CE0CD55E1FFCCB3500F17815 /* String+Custom.swift */; };
		CE0CD5611FFCCB4D00F17815 /* UIColor+Custom.swift in Sources */ = {isa = PBXBuildFile; fileRef = CE0CD5601FFCCB4D00F17815 /* UIColor+Custom.swift */; };
		CE0CD5641FFCCB8700F17815 /* RequestManager.swift in Sources */ = {isa = PBXBuildFile; fileRef = CE0CD5631FFCCB8700F17815 /* RequestManager.swift */; };
		CE0CD5661FFCCBB300F17815 /* RequestManager+Category.swift in Sources */ = {isa = PBXBuildFile; fileRef = CE0CD5651FFCCBB300F17815 /* RequestManager+Category.swift */; };
		CE0CD5681FFCCBC400F17815 /* RequestManager+Article.swift in Sources */ = {isa = PBXBuildFile; fileRef = CE0CD5671FFCCBC400F17815 /* RequestManager+Article.swift */; };
		CE0CD56D1FFCCCE200F17815 /* ArticleCell.swift in Sources */ = {isa = PBXBuildFile; fileRef = CE0CD56B1FFCCCE200F17815 /* ArticleCell.swift */; };
		CE0CD56E1FFCCCE200F17815 /* ArticleCell.xib in Resources */ = {isa = PBXBuildFile; fileRef = CE0CD56C1FFCCCE200F17815 /* ArticleCell.xib */; };
		CE0CD5701FFCCD1100F17815 /* SideMenuItemCollectionViewCell.swift in Sources */ = {isa = PBXBuildFile; fileRef = CE0CD56F1FFCCD1100F17815 /* SideMenuItemCollectionViewCell.swift */; };
		CE0CD5721FFCCD8200F17815 /* CategorySectionHeaderView.swift in Sources */ = {isa = PBXBuildFile; fileRef = CE0CD5711FFCCD8200F17815 /* CategorySectionHeaderView.swift */; };
		CE0CD5741FFCCD9600F17815 /* CategorySectionHeaderView.xib in Resources */ = {isa = PBXBuildFile; fileRef = CE0CD5731FFCCD9600F17815 /* CategorySectionHeaderView.xib */; };
		CE0CD57A1FFCCF8800F17815 /* UISideViewController.swift in Sources */ = {isa = PBXBuildFile; fileRef = CE0CD5791FFCCF8800F17815 /* UISideViewController.swift */; };
		CE0CD57C1FFCCF9F00F17815 /* Menu.storyboard in Resources */ = {isa = PBXBuildFile; fileRef = CE0CD57B1FFCCF9F00F17815 /* Menu.storyboard */; };
		CE0CD57E1FFCCFF000F17815 /* SavedNewsViewController.swift in Sources */ = {isa = PBXBuildFile; fileRef = CE0CD57D1FFCCFF000F17815 /* SavedNewsViewController.swift */; };
		CE0CD5801FFCD01F00F17815 /* MyNews.storyboard in Resources */ = {isa = PBXBuildFile; fileRef = CE0CD57F1FFCD01F00F17815 /* MyNews.storyboard */; };
		CE0CD5821FFCD04900F17815 /* ActualNewsViewController.swift in Sources */ = {isa = PBXBuildFile; fileRef = CE0CD5811FFCD04900F17815 /* ActualNewsViewController.swift */; };
		CE0CD5841FFCD0A300F17815 /* NewsDetailViewController.swift in Sources */ = {isa = PBXBuildFile; fileRef = CE0CD5831FFCD0A300F17815 /* NewsDetailViewController.swift */; };
		CE0CD5861FFCD0B900F17815 /* AllNews.storyboard in Resources */ = {isa = PBXBuildFile; fileRef = CE0CD5851FFCD0B900F17815 /* AllNews.storyboard */; };
		CE0CD5881FFCD10700F17815 /* MainViewController.swift in Sources */ = {isa = PBXBuildFile; fileRef = CE0CD5871FFCD10700F17815 /* MainViewController.swift */; };
		CE19F12820078B2200ACBAF2 /* MyStyle.swift in Sources */ = {isa = PBXBuildFile; fileRef = CE19F12720078B2200ACBAF2 /* MyStyle.swift */; };
		CEB1AE701FFBDDDC0082A7D8 /* AppDelegate.swift in Sources */ = {isa = PBXBuildFile; fileRef = CEB1AE6F1FFBDDDC0082A7D8 /* AppDelegate.swift */; };
		CEB1AE751FFBDDDC0082A7D8 /* Main.storyboard in Resources */ = {isa = PBXBuildFile; fileRef = CEB1AE731FFBDDDC0082A7D8 /* Main.storyboard */; };
		CEB1AE781FFBDDDC0082A7D8 /* GNP.xcdatamodeld in Sources */ = {isa = PBXBuildFile; fileRef = CEB1AE761FFBDDDC0082A7D8 /* GNP.xcdatamodeld */; };
		CEB1AE7A1FFBDDDC0082A7D8 /* Assets.xcassets in Resources */ = {isa = PBXBuildFile; fileRef = CEB1AE791FFBDDDC0082A7D8 /* Assets.xcassets */; };
		CEB1AE7D1FFBDDDC0082A7D8 /* LaunchScreen.storyboard in Resources */ = {isa = PBXBuildFile; fileRef = CEB1AE7B1FFBDDDC0082A7D8 /* LaunchScreen.storyboard */; };
/* End PBXBuildFile section */

/* Begin PBXFileReference section */
		876AF484FF431AE1A06C3FE6 /* Pods-GNP.debug.xcconfig */ = {isa = PBXFileReference; includeInIndex = 1; lastKnownFileType = text.xcconfig; name = "Pods-GNP.debug.xcconfig"; path = "Pods/Target Support Files/Pods-GNP/Pods-GNP.debug.xcconfig"; sourceTree = "<group>"; };
		C0344C0215F4833A47D3B1C0 /* Pods_GNP.framework */ = {isa = PBXFileReference; explicitFileType = wrapper.framework; includeInIndex = 0; path = Pods_GNP.framework; sourceTree = BUILT_PRODUCTS_DIR; };
		CD46C6C13A247725959ECFDD /* Pods-GNP.release.xcconfig */ = {isa = PBXFileReference; includeInIndex = 1; lastKnownFileType = text.xcconfig; name = "Pods-GNP.release.xcconfig"; path = "Pods/Target Support Files/Pods-GNP/Pods-GNP.release.xcconfig"; sourceTree = "<group>"; };
		CE0CD5431FFCC5C300F17815 /* NotSavedArticle.swift */ = {isa = PBXFileReference; lastKnownFileType = sourcecode.swift; path = NotSavedArticle.swift; sourceTree = "<group>"; };
		CE0CD5451FFCC5E500F17815 /* NotSavedSource.swift */ = {isa = PBXFileReference; lastKnownFileType = sourcecode.swift; path = NotSavedSource.swift; sourceTree = "<group>"; };
		CE0CD5491FFCC62500F17815 /* ArticleProtocol.swift */ = {isa = PBXFileReference; lastKnownFileType = sourcecode.swift; path = ArticleProtocol.swift; sourceTree = "<group>"; };
		CE0CD54B1FFCC63500F17815 /* SourceProtocol.swift */ = {isa = PBXFileReference; lastKnownFileType = sourcecode.swift; path = SourceProtocol.swift; sourceTree = "<group>"; };
		CE0CD5511FFCC72C00F17815 /* Source+CoreDataClass.swift */ = {isa = PBXFileReference; lastKnownFileType = sourcecode.swift; path = "Source+CoreDataClass.swift"; sourceTree = "<group>"; };
		CE0CD5521FFCC72C00F17815 /* Source+CoreDataProperties.swift */ = {isa = PBXFileReference; lastKnownFileType = sourcecode.swift; path = "Source+CoreDataProperties.swift"; sourceTree = "<group>"; };
		CE0CD5531FFCC72C00F17815 /* Article+CoreDataClass.swift */ = {isa = PBXFileReference; lastKnownFileType = sourcecode.swift; path = "Article+CoreDataClass.swift"; sourceTree = "<group>"; };
		CE0CD5541FFCC72C00F17815 /* Article+CoreDataProperties.swift */ = {isa = PBXFileReference; lastKnownFileType = sourcecode.swift; path = "Article+CoreDataProperties.swift"; sourceTree = "<group>"; };
		CE0CD5551FFCC72C00F17815 /* Category+CoreDataClass.swift */ = {isa = PBXFileReference; lastKnownFileType = sourcecode.swift; path = "Category+CoreDataClass.swift"; sourceTree = "<group>"; };
		CE0CD5561FFCC72C00F17815 /* Category+CoreDataProperties.swift */ = {isa = PBXFileReference; lastKnownFileType = sourcecode.swift; path = "Category+CoreDataProperties.swift"; sourceTree = "<group>"; };
		CE0CD55E1FFCCB3500F17815 /* String+Custom.swift */ = {isa = PBXFileReference; lastKnownFileType = sourcecode.swift; path = "String+Custom.swift"; sourceTree = "<group>"; };
		CE0CD5601FFCCB4D00F17815 /* UIColor+Custom.swift */ = {isa = PBXFileReference; lastKnownFileType = sourcecode.swift; path = "UIColor+Custom.swift"; sourceTree = "<group>"; };
		CE0CD5631FFCCB8700F17815 /* RequestManager.swift */ = {isa = PBXFileReference; lastKnownFileType = sourcecode.swift; path = RequestManager.swift; sourceTree = "<group>"; };
		CE0CD5651FFCCBB300F17815 /* RequestManager+Category.swift */ = {isa = PBXFileReference; lastKnownFileType = sourcecode.swift; path = "RequestManager+Category.swift"; sourceTree = "<group>"; };
		CE0CD5671FFCCBC400F17815 /* RequestManager+Article.swift */ = {isa = PBXFileReference; lastKnownFileType = sourcecode.swift; path = "RequestManager+Article.swift"; sourceTree = "<group>"; };
		CE0CD56B1FFCCCE200F17815 /* ArticleCell.swift */ = {isa = PBXFileReference; lastKnownFileType = sourcecode.swift; path = ArticleCell.swift; sourceTree = "<group>"; };
		CE0CD56C1FFCCCE200F17815 /* ArticleCell.xib */ = {isa = PBXFileReference; lastKnownFileType = file.xib; path = ArticleCell.xib; sourceTree = "<group>"; };
		CE0CD56F1FFCCD1100F17815 /* SideMenuItemCollectionViewCell.swift */ = {isa = PBXFileReference; lastKnownFileType = sourcecode.swift; path = SideMenuItemCollectionViewCell.swift; sourceTree = "<group>"; };
		CE0CD5711FFCCD8200F17815 /* CategorySectionHeaderView.swift */ = {isa = PBXFileReference; lastKnownFileType = sourcecode.swift; path = CategorySectionHeaderView.swift; sourceTree = "<group>"; };
		CE0CD5731FFCCD9600F17815 /* CategorySectionHeaderView.xib */ = {isa = PBXFileReference; lastKnownFileType = file.xib; path = CategorySectionHeaderView.xib; sourceTree = "<group>"; };
		CE0CD5791FFCCF8800F17815 /* UISideViewController.swift */ = {isa = PBXFileReference; lastKnownFileType = sourcecode.swift; path = UISideViewController.swift; sourceTree = "<group>"; };
		CE0CD57B1FFCCF9F00F17815 /* Menu.storyboard */ = {isa = PBXFileReference; lastKnownFileType = file.storyboard; path = Menu.storyboard; sourceTree = "<group>"; };
		CE0CD57D1FFCCFF000F17815 /* SavedNewsViewController.swift */ = {isa = PBXFileReference; lastKnownFileType = sourcecode.swift; path = SavedNewsViewController.swift; sourceTree = "<group>"; };
		CE0CD57F1FFCD01F00F17815 /* MyNews.storyboard */ = {isa = PBXFileReference; lastKnownFileType = file.storyboard; path = MyNews.storyboard; sourceTree = "<group>"; };
		CE0CD5811FFCD04900F17815 /* ActualNewsViewController.swift */ = {isa = PBXFileReference; lastKnownFileType = sourcecode.swift; path = ActualNewsViewController.swift; sourceTree = "<group>"; };
		CE0CD5831FFCD0A300F17815 /* NewsDetailViewController.swift */ = {isa = PBXFileReference; lastKnownFileType = sourcecode.swift; path = NewsDetailViewController.swift; sourceTree = "<group>"; };
		CE0CD5851FFCD0B900F17815 /* AllNews.storyboard */ = {isa = PBXFileReference; lastKnownFileType = file.storyboard; path = AllNews.storyboard; sourceTree = "<group>"; };
		CE0CD5871FFCD10700F17815 /* MainViewController.swift */ = {isa = PBXFileReference; lastKnownFileType = sourcecode.swift; path = MainViewController.swift; sourceTree = "<group>"; };
		CE19F12720078B2200ACBAF2 /* MyStyle.swift */ = {isa = PBXFileReference; lastKnownFileType = sourcecode.swift; path = MyStyle.swift; sourceTree = "<group>"; };
		CEB1AE6C1FFBDDDC0082A7D8 /* GNP.app */ = {isa = PBXFileReference; explicitFileType = wrapper.application; includeInIndex = 0; path = GNP.app; sourceTree = BUILT_PRODUCTS_DIR; };
		CEB1AE6F1FFBDDDC0082A7D8 /* AppDelegate.swift */ = {isa = PBXFileReference; lastKnownFileType = sourcecode.swift; path = AppDelegate.swift; sourceTree = "<group>"; };
		CEB1AE741FFBDDDC0082A7D8 /* Base */ = {isa = PBXFileReference; lastKnownFileType = file.storyboard; name = Base; path = Base.lproj/Main.storyboard; sourceTree = "<group>"; };
		CEB1AE771FFBDDDC0082A7D8 /* GNP.xcdatamodel */ = {isa = PBXFileReference; lastKnownFileType = wrapper.xcdatamodel; path = GNP.xcdatamodel; sourceTree = "<group>"; };
		CEB1AE791FFBDDDC0082A7D8 /* Assets.xcassets */ = {isa = PBXFileReference; lastKnownFileType = folder.assetcatalog; path = Assets.xcassets; sourceTree = "<group>"; };
		CEB1AE7C1FFBDDDC0082A7D8 /* Base */ = {isa = PBXFileReference; lastKnownFileType = file.storyboard; name = Base; path = Base.lproj/LaunchScreen.storyboard; sourceTree = "<group>"; };
		CEB1AE7E1FFBDDDC0082A7D8 /* Info.plist */ = {isa = PBXFileReference; lastKnownFileType = text.plist.xml; path = Info.plist; sourceTree = "<group>"; };
/* End PBXFileReference section */

/* Begin PBXFrameworksBuildPhase section */
		CEB1AE691FFBDDDC0082A7D8 /* Frameworks */ = {
			isa = PBXFrameworksBuildPhase;
			buildActionMask = 2147483647;
			files = (
				93CE7D20C7B7F4E618BBAFC6 /* Pods_GNP.framework in Frameworks */,
			);
			runOnlyForDeploymentPostprocessing = 0;
		};
/* End PBXFrameworksBuildPhase section */

/* Begin PBXGroup section */
		C4536082B5AA4B82AB72175D /* Frameworks */ = {
			isa = PBXGroup;
			children = (
				C0344C0215F4833A47D3B1C0 /* Pods_GNP.framework */,
			);
			name = Frameworks;
			sourceTree = "<group>";
		};
		CE0CD5401FFCBD5700F17815 /* Entities */ = {
			isa = PBXGroup;
			children = (
				CE0CD5511FFCC72C00F17815 /* Source+CoreDataClass.swift */,
				CE0CD5531FFCC72C00F17815 /* Article+CoreDataClass.swift */,
				CE0CD5551FFCC72C00F17815 /* Category+CoreDataClass.swift */,
				CE0CD5431FFCC5C300F17815 /* NotSavedArticle.swift */,
				CE0CD5451FFCC5E500F17815 /* NotSavedSource.swift */,
				CE0CD5421FFCBDF300F17815 /* ModelProtocols */,
				CE0CD5411FFCBDE100F17815 /* Generated */,
			);
			path = Entities;
			sourceTree = "<group>";
		};
		CE0CD5411FFCBDE100F17815 /* Generated */ = {
			isa = PBXGroup;
			children = (
				CE0CD5521FFCC72C00F17815 /* Source+CoreDataProperties.swift */,
				CE0CD5541FFCC72C00F17815 /* Article+CoreDataProperties.swift */,
				CE0CD5561FFCC72C00F17815 /* Category+CoreDataProperties.swift */,
			);
			path = Generated;
			sourceTree = "<group>";
		};
		CE0CD5421FFCBDF300F17815 /* ModelProtocols */ = {
			isa = PBXGroup;
			children = (
				CE0CD5491FFCC62500F17815 /* ArticleProtocol.swift */,
				CE0CD54B1FFCC63500F17815 /* SourceProtocol.swift */,
			);
			path = ModelProtocols;
			sourceTree = "<group>";
		};
		CE0CD55D1FFCCB1A00F17815 /* Extensions */ = {
			isa = PBXGroup;
			children = (
				CE0CD55E1FFCCB3500F17815 /* String+Custom.swift */,
				CE0CD5601FFCCB4D00F17815 /* UIColor+Custom.swift */,
			);
			path = Extensions;
			sourceTree = "<group>";
		};
		CE0CD5621FFCCB6C00F17815 /* Networking */ = {
			isa = PBXGroup;
			children = (
				CE0CD5631FFCCB8700F17815 /* RequestManager.swift */,
				CE0CD5651FFCCBB300F17815 /* RequestManager+Category.swift */,
				CE0CD5671FFCCBC400F17815 /* RequestManager+Article.swift */,
			);
			path = Networking;
			sourceTree = "<group>";
		};
		CE0CD5691FFCCC9F00F17815 /* Cells */ = {
			isa = PBXGroup;
			children = (
				CE0CD56A1FFCCCAE00F17815 /* Article */,
				CE0CD56F1FFCCD1100F17815 /* SideMenuItemCollectionViewCell.swift */,
			);
			path = Cells;
			sourceTree = "<group>";
		};
		CE0CD56A1FFCCCAE00F17815 /* Article */ = {
			isa = PBXGroup;
			children = (
				CE0CD56B1FFCCCE200F17815 /* ArticleCell.swift */,
				CE0CD56C1FFCCCE200F17815 /* ArticleCell.xib */,
			);
			path = Article;
			sourceTree = "<group>";
		};
		CE0CD5751FFCCF3800F17815 /* Main */ = {
			isa = PBXGroup;
			children = (
				CEB1AE731FFBDDDC0082A7D8 /* Main.storyboard */,
				CE0CD5871FFCD10700F17815 /* MainViewController.swift */,
			);
			path = Main;
			sourceTree = "<group>";
		};
		CE0CD5761FFCCF4000F17815 /* AllNews */ = {
			isa = PBXGroup;
			children = (
				CE0CD5811FFCD04900F17815 /* ActualNewsViewController.swift */,
				CE0CD5831FFCD0A300F17815 /* NewsDetailViewController.swift */,
				CE0CD5851FFCD0B900F17815 /* AllNews.storyboard */,
			);
			path = AllNews;
			sourceTree = "<group>";
		};
		CE0CD5771FFCCF5000F17815 /* MyNews */ = {
			isa = PBXGroup;
			children = (
				CE0CD57D1FFCCFF000F17815 /* SavedNewsViewController.swift */,
				CE0CD57F1FFCD01F00F17815 /* MyNews.storyboard */,
			);
			path = MyNews;
			sourceTree = "<group>";
		};
		CE0CD5781FFCCF5800F17815 /* SideMenu */ = {
			isa = PBXGroup;
			children = (
				CE0CD5791FFCCF8800F17815 /* UISideViewController.swift */,
				CE0CD57B1FFCCF9F00F17815 /* Menu.storyboard */,
			);
			path = SideMenu;
			sourceTree = "<group>";
		};
		CEACA4FD1FFBDF6700F6D9DC /* Models */ = {
			isa = PBXGroup;
			children = (
				CE0CD5401FFCBD5700F17815 /* Entities */,
			);
			path = Models;
			sourceTree = "<group>";
		};
		CEACA4FE1FFBDF6F00F6D9DC /* Views */ = {
			isa = PBXGroup;
			children = (
				CE0CD5691FFCCC9F00F17815 /* Cells */,
				CE0CD5711FFCCD8200F17815 /* CategorySectionHeaderView.swift */,
				CE0CD5731FFCCD9600F17815 /* CategorySectionHeaderView.xib */,
			);
			path = Views;
			sourceTree = "<group>";
		};
		CEACA4FF1FFBDF7C00F6D9DC /* Controllers */ = {
			isa = PBXGroup;
			children = (
				CE0CD5781FFCCF5800F17815 /* SideMenu */,
				CE0CD5771FFCCF5000F17815 /* MyNews */,
				CE0CD5761FFCCF4000F17815 /* AllNews */,
				CE0CD5751FFCCF3800F17815 /* Main */,
			);
			path = Controllers;
			sourceTree = "<group>";
		};
		CEACA5001FFBDF8400F6D9DC /* Helpers */ = {
			isa = PBXGroup;
			children = (
				CE0CD5621FFCCB6C00F17815 /* Networking */,
				CE0CD55D1FFCCB1A00F17815 /* Extensions */,
				CE19F12720078B2200ACBAF2 /* MyStyle.swift */,
			);
			path = Helpers;
			sourceTree = "<group>";
		};
		CEACA5011FFBDF9200F6D9DC /* Resources */ = {
			isa = PBXGroup;
			children = (
				CEB1AE791FFBDDDC0082A7D8 /* Assets.xcassets */,
			);
			path = Resources;
			sourceTree = "<group>";
		};
		CEB1AE631FFBDDDC0082A7D8 = {
			isa = PBXGroup;
			children = (
				CEB1AE6E1FFBDDDC0082A7D8 /* GNP */,
				CEB1AE6D1FFBDDDC0082A7D8 /* Products */,
				F830D52AD00670291BD2B866 /* Pods */,
				C4536082B5AA4B82AB72175D /* Frameworks */,
			);
			sourceTree = "<group>";
		};
		CEB1AE6D1FFBDDDC0082A7D8 /* Products */ = {
			isa = PBXGroup;
			children = (
				CEB1AE6C1FFBDDDC0082A7D8 /* GNP.app */,
			);
			name = Products;
			sourceTree = "<group>";
		};
		CEB1AE6E1FFBDDDC0082A7D8 /* GNP */ = {
			isa = PBXGroup;
			children = (
				CEACA5001FFBDF8400F6D9DC /* Helpers */,
				CEACA4FF1FFBDF7C00F6D9DC /* Controllers */,
				CEACA4FE1FFBDF6F00F6D9DC /* Views */,
				CEACA4FD1FFBDF6700F6D9DC /* Models */,
				CEACA5011FFBDF9200F6D9DC /* Resources */,
				CEB1AE6F1FFBDDDC0082A7D8 /* AppDelegate.swift */,
				CEB1AE7B1FFBDDDC0082A7D8 /* LaunchScreen.storyboard */,
				CEB1AE7E1FFBDDDC0082A7D8 /* Info.plist */,
				CEB1AE761FFBDDDC0082A7D8 /* GNP.xcdatamodeld */,
			);
			path = GNP;
			sourceTree = "<group>";
		};
		F830D52AD00670291BD2B866 /* Pods */ = {
			isa = PBXGroup;
			children = (
				876AF484FF431AE1A06C3FE6 /* Pods-GNP.debug.xcconfig */,
				CD46C6C13A247725959ECFDD /* Pods-GNP.release.xcconfig */,
			);
			name = Pods;
			sourceTree = "<group>";
		};
/* End PBXGroup section */

/* Begin PBXNativeTarget section */
		CEB1AE6B1FFBDDDC0082A7D8 /* GNP */ = {
			isa = PBXNativeTarget;
			buildConfigurationList = CEB1AE811FFBDDDC0082A7D8 /* Build configuration list for PBXNativeTarget "GNP" */;
			buildPhases = (
				0BC823B016F9174F37C3C46A /* [CP] Check Pods Manifest.lock */,
				CEB1AE681FFBDDDC0082A7D8 /* Sources */,
				CEB1AE691FFBDDDC0082A7D8 /* Frameworks */,
				CEB1AE6A1FFBDDDC0082A7D8 /* Resources */,
				323E070BEDEBBF33647910C6 /* [CP] Embed Pods Frameworks */,
				923936A8FBA4E3446E95A1EF /* [CP] Copy Pods Resources */,
			);
			buildRules = (
			);
			dependencies = (
			);
			name = GNP;
			productName = GNP;
			productReference = CEB1AE6C1FFBDDDC0082A7D8 /* GNP.app */;
			productType = "com.apple.product-type.application";
		};
/* End PBXNativeTarget section */

/* Begin PBXProject section */
		CEB1AE641FFBDDDC0082A7D8 /* Project object */ = {
			isa = PBXProject;
			attributes = {
				LastSwiftUpdateCheck = 0910;
				LastUpgradeCheck = 0910;
				ORGANIZATIONNAME = CHI;
				TargetAttributes = {
					CEB1AE6B1FFBDDDC0082A7D8 = {
						CreatedOnToolsVersion = 9.1;
						ProvisioningStyle = Automatic;
					};
				};
			};
			buildConfigurationList = CEB1AE671FFBDDDC0082A7D8 /* Build configuration list for PBXProject "GNP" */;
			compatibilityVersion = "Xcode 8.0";
			developmentRegion = en;
			hasScannedForEncodings = 0;
			knownRegions = (
				en,
				Base,
			);
			mainGroup = CEB1AE631FFBDDDC0082A7D8;
			productRefGroup = CEB1AE6D1FFBDDDC0082A7D8 /* Products */;
			projectDirPath = "";
			projectRoot = "";
			targets = (
				CEB1AE6B1FFBDDDC0082A7D8 /* GNP */,
			);
		};
/* End PBXProject section */

/* Begin PBXResourcesBuildPhase section */
		CEB1AE6A1FFBDDDC0082A7D8 /* Resources */ = {
			isa = PBXResourcesBuildPhase;
			buildActionMask = 2147483647;
			files = (
				CE0CD56E1FFCCCE200F17815 /* ArticleCell.xib in Resources */,
				CEB1AE7D1FFBDDDC0082A7D8 /* LaunchScreen.storyboard in Resources */,
				CE0CD5801FFCD01F00F17815 /* MyNews.storyboard in Resources */,
				CEB1AE7A1FFBDDDC0082A7D8 /* Assets.xcassets in Resources */,
				CE0CD57C1FFCCF9F00F17815 /* Menu.storyboard in Resources */,
				CEB1AE751FFBDDDC0082A7D8 /* Main.storyboard in Resources */,
				CE0CD5741FFCCD9600F17815 /* CategorySectionHeaderView.xib in Resources */,
				CE0CD5861FFCD0B900F17815 /* AllNews.storyboard in Resources */,
			);
			runOnlyForDeploymentPostprocessing = 0;
		};
/* End PBXResourcesBuildPhase section */

/* Begin PBXShellScriptBuildPhase section */
		0BC823B016F9174F37C3C46A /* [CP] Check Pods Manifest.lock */ = {
			isa = PBXShellScriptBuildPhase;
			buildActionMask = 2147483647;
			files = (
			);
			inputPaths = (
				"${PODS_PODFILE_DIR_PATH}/Podfile.lock",
				"${PODS_ROOT}/Manifest.lock",
			);
			name = "[CP] Check Pods Manifest.lock";
			outputPaths = (
				"$(DERIVED_FILE_DIR)/Pods-GNP-checkManifestLockResult.txt",
			);
			runOnlyForDeploymentPostprocessing = 0;
			shellPath = /bin/sh;
			shellScript = "diff \"${PODS_PODFILE_DIR_PATH}/Podfile.lock\" \"${PODS_ROOT}/Manifest.lock\" > /dev/null\nif [ $? != 0 ] ; then\n    # print error to STDERR\n    echo \"error: The sandbox is not in sync with the Podfile.lock. Run 'pod install' or update your CocoaPods installation.\" >&2\n    exit 1\nfi\n# This output is used by Xcode 'outputs' to avoid re-running this script phase.\necho \"SUCCESS\" > \"${SCRIPT_OUTPUT_FILE_0}\"\n";
			showEnvVarsInLog = 0;
		};
		323E070BEDEBBF33647910C6 /* [CP] Embed Pods Frameworks */ = {
			isa = PBXShellScriptBuildPhase;
			buildActionMask = 2147483647;
			files = (
			);
			inputPaths = (
				"${SRCROOT}/Pods/Target Support Files/Pods-GNP/Pods-GNP-frameworks.sh",
				"${BUILT_PRODUCTS_DIR}/Alamofire/Alamofire.framework",
				"${BUILT_PRODUCTS_DIR}/GradientCircularProgress/GradientCircularProgress.framework",
			);
			name = "[CP] Embed Pods Frameworks";
			outputPaths = (
				"${TARGET_BUILD_DIR}/${FRAMEWORKS_FOLDER_PATH}/Alamofire.framework",
				"${TARGET_BUILD_DIR}/${FRAMEWORKS_FOLDER_PATH}/GradientCircularProgress.framework",
			);
			runOnlyForDeploymentPostprocessing = 0;
			shellPath = /bin/sh;
			shellScript = "\"${SRCROOT}/Pods/Target Support Files/Pods-GNP/Pods-GNP-frameworks.sh\"\n";
			showEnvVarsInLog = 0;
		};
		923936A8FBA4E3446E95A1EF /* [CP] Copy Pods Resources */ = {
			isa = PBXShellScriptBuildPhase;
			buildActionMask = 2147483647;
			files = (
			);
			inputPaths = (
			);
			name = "[CP] Copy Pods Resources";
			outputPaths = (
			);
			runOnlyForDeploymentPostprocessing = 0;
			shellPath = /bin/sh;
			shellScript = "\"${SRCROOT}/Pods/Target Support Files/Pods-GNP/Pods-GNP-resources.sh\"\n";
			showEnvVarsInLog = 0;
		};
/* End PBXShellScriptBuildPhase section */

/* Begin PBXSourcesBuildPhase section */
		CEB1AE681FFBDDDC0082A7D8 /* Sources */ = {
			isa = PBXSourcesBuildPhase;
			buildActionMask = 2147483647;
			files = (
				CE0CD5441FFCC5C300F17815 /* NotSavedArticle.swift in Sources */,
				CE0CD5881FFCD10700F17815 /* MainViewController.swift in Sources */,
				CE0CD57E1FFCCFF000F17815 /* SavedNewsViewController.swift in Sources */,
				CE0CD55C1FFCC72C00F17815 /* Category+CoreDataProperties.swift in Sources */,
				CE0CD55B1FFCC72C00F17815 /* Category+CoreDataClass.swift in Sources */,
				CE0CD5641FFCCB8700F17815 /* RequestManager.swift in Sources */,
				CE0CD5591FFCC72C00F17815 /* Article+CoreDataClass.swift in Sources */,
				CE0CD5581FFCC72C00F17815 /* Source+CoreDataProperties.swift in Sources */,
				CE0CD5661FFCCBB300F17815 /* RequestManager+Category.swift in Sources */,
				CE0CD5571FFCC72C00F17815 /* Source+CoreDataClass.swift in Sources */,
				CE0CD55A1FFCC72C00F17815 /* Article+CoreDataProperties.swift in Sources */,
				CE0CD5611FFCCB4D00F17815 /* UIColor+Custom.swift in Sources */,
				CE0CD54A1FFCC62500F17815 /* ArticleProtocol.swift in Sources */,
				CE0CD5681FFCCBC400F17815 /* RequestManager+Article.swift in Sources */,
				CE0CD55F1FFCCB3500F17815 /* String+Custom.swift in Sources */,
				CE0CD5821FFCD04900F17815 /* ActualNewsViewController.swift in Sources */,
				CE0CD5461FFCC5E500F17815 /* NotSavedSource.swift in Sources */,
				CE0CD57A1FFCCF8800F17815 /* UISideViewController.swift in Sources */,
				CEB1AE701FFBDDDC0082A7D8 /* AppDelegate.swift in Sources */,
				CE19F12820078B2200ACBAF2 /* MyStyle.swift in Sources */,
				CE0CD56D1FFCCCE200F17815 /* ArticleCell.swift in Sources */,
				CE0CD54C1FFCC63500F17815 /* SourceProtocol.swift in Sources */,
				CEB1AE781FFBDDDC0082A7D8 /* GNP.xcdatamodeld in Sources */,
				CE0CD5721FFCCD8200F17815 /* CategorySectionHeaderView.swift in Sources */,
				CE0CD5701FFCCD1100F17815 /* SideMenuItemCollectionViewCell.swift in Sources */,
				CE0CD5841FFCD0A300F17815 /* NewsDetailViewController.swift in Sources */,
			);
			runOnlyForDeploymentPostprocessing = 0;
		};
/* End PBXSourcesBuildPhase section */

/* Begin PBXVariantGroup section */
		CEB1AE731FFBDDDC0082A7D8 /* Main.storyboard */ = {
			isa = PBXVariantGroup;
			children = (
				CEB1AE741FFBDDDC0082A7D8 /* Base */,
			);
			name = Main.storyboard;
			sourceTree = "<group>";
		};
		CEB1AE7B1FFBDDDC0082A7D8 /* LaunchScreen.storyboard */ = {
			isa = PBXVariantGroup;
			children = (
				CEB1AE7C1FFBDDDC0082A7D8 /* Base */,
			);
			name = LaunchScreen.storyboard;
			sourceTree = "<group>";
		};
/* End PBXVariantGroup section */

/* Begin XCBuildConfiguration section */
		CEB1AE7F1FFBDDDC0082A7D8 /* Debug */ = {
			isa = XCBuildConfiguration;
			buildSettings = {
				ALWAYS_SEARCH_USER_PATHS = NO;
				CLANG_ANALYZER_NONNULL = YES;
				CLANG_ANALYZER_NUMBER_OBJECT_CONVERSION = YES_AGGRESSIVE;
				CLANG_CXX_LANGUAGE_STANDARD = "gnu++14";
				CLANG_CXX_LIBRARY = "libc++";
				CLANG_ENABLE_MODULES = YES;
				CLANG_ENABLE_OBJC_ARC = YES;
				CLANG_WARN_BLOCK_CAPTURE_AUTORELEASING = YES;
				CLANG_WARN_BOOL_CONVERSION = YES;
				CLANG_WARN_COMMA = YES;
				CLANG_WARN_CONSTANT_CONVERSION = YES;
				CLANG_WARN_DIRECT_OBJC_ISA_USAGE = YES_ERROR;
				CLANG_WARN_DOCUMENTATION_COMMENTS = YES;
				CLANG_WARN_EMPTY_BODY = YES;
				CLANG_WARN_ENUM_CONVERSION = YES;
				CLANG_WARN_INFINITE_RECURSION = YES;
				CLANG_WARN_INT_CONVERSION = YES;
				CLANG_WARN_NON_LITERAL_NULL_CONVERSION = YES;
				CLANG_WARN_OBJC_LITERAL_CONVERSION = YES;
				CLANG_WARN_OBJC_ROOT_CLASS = YES_ERROR;
				CLANG_WARN_RANGE_LOOP_ANALYSIS = YES;
				CLANG_WARN_STRICT_PROTOTYPES = YES;
				CLANG_WARN_SUSPICIOUS_MOVE = YES;
				CLANG_WARN_UNGUARDED_AVAILABILITY = YES_AGGRESSIVE;
				CLANG_WARN_UNREACHABLE_CODE = YES;
				CLANG_WARN__DUPLICATE_METHOD_MATCH = YES;
				CODE_SIGN_IDENTITY = "iPhone Developer";
				COPY_PHASE_STRIP = NO;
				DEBUG_INFORMATION_FORMAT = dwarf;
				ENABLE_STRICT_OBJC_MSGSEND = YES;
				ENABLE_TESTABILITY = YES;
				GCC_C_LANGUAGE_STANDARD = gnu11;
				GCC_DYNAMIC_NO_PIC = NO;
				GCC_NO_COMMON_BLOCKS = YES;
				GCC_OPTIMIZATION_LEVEL = 0;
				GCC_PREPROCESSOR_DEFINITIONS = (
					"DEBUG=1",
					"$(inherited)",
				);
				GCC_WARN_64_TO_32_BIT_CONVERSION = YES;
				GCC_WARN_ABOUT_RETURN_TYPE = YES_ERROR;
				GCC_WARN_UNDECLARED_SELECTOR = YES;
				GCC_WARN_UNINITIALIZED_AUTOS = YES_AGGRESSIVE;
				GCC_WARN_UNUSED_FUNCTION = YES;
				GCC_WARN_UNUSED_VARIABLE = YES;
				IPHONEOS_DEPLOYMENT_TARGET = 11.1;
				MTL_ENABLE_DEBUG_INFO = YES;
				ONLY_ACTIVE_ARCH = YES;
				SDKROOT = iphoneos;
				SWIFT_ACTIVE_COMPILATION_CONDITIONS = DEBUG;
				SWIFT_OPTIMIZATION_LEVEL = "-Onone";
			};
			name = Debug;
		};
		CEB1AE801FFBDDDC0082A7D8 /* Release */ = {
			isa = XCBuildConfiguration;
			buildSettings = {
				ALWAYS_SEARCH_USER_PATHS = NO;
				CLANG_ANALYZER_NONNULL = YES;
				CLANG_ANALYZER_NUMBER_OBJECT_CONVERSION = YES_AGGRESSIVE;
				CLANG_CXX_LANGUAGE_STANDARD = "gnu++14";
				CLANG_CXX_LIBRARY = "libc++";
				CLANG_ENABLE_MODULES = YES;
				CLANG_ENABLE_OBJC_ARC = YES;
				CLANG_WARN_BLOCK_CAPTURE_AUTORELEASING = YES;
				CLANG_WARN_BOOL_CONVERSION = YES;
				CLANG_WARN_COMMA = YES;
				CLANG_WARN_CONSTANT_CONVERSION = YES;
				CLANG_WARN_DIRECT_OBJC_ISA_USAGE = YES_ERROR;
				CLANG_WARN_DOCUMENTATION_COMMENTS = YES;
				CLANG_WARN_EMPTY_BODY = YES;
				CLANG_WARN_ENUM_CONVERSION = YES;
				CLANG_WARN_INFINITE_RECURSION = YES;
				CLANG_WARN_INT_CONVERSION = YES;
				CLANG_WARN_NON_LITERAL_NULL_CONVERSION = YES;
				CLANG_WARN_OBJC_LITERAL_CONVERSION = YES;
				CLANG_WARN_OBJC_ROOT_CLASS = YES_ERROR;
				CLANG_WARN_RANGE_LOOP_ANALYSIS = YES;
				CLANG_WARN_STRICT_PROTOTYPES = YES;
				CLANG_WARN_SUSPICIOUS_MOVE = YES;
				CLANG_WARN_UNGUARDED_AVAILABILITY = YES_AGGRESSIVE;
				CLANG_WARN_UNREACHABLE_CODE = YES;
				CLANG_WARN__DUPLICATE_METHOD_MATCH = YES;
				CODE_SIGN_IDENTITY = "iPhone Developer";
				COPY_PHASE_STRIP = NO;
				DEBUG_INFORMATION_FORMAT = "dwarf-with-dsym";
				ENABLE_NS_ASSERTIONS = NO;
				ENABLE_STRICT_OBJC_MSGSEND = YES;
				GCC_C_LANGUAGE_STANDARD = gnu11;
				GCC_NO_COMMON_BLOCKS = YES;
				GCC_WARN_64_TO_32_BIT_CONVERSION = YES;
				GCC_WARN_ABOUT_RETURN_TYPE = YES_ERROR;
				GCC_WARN_UNDECLARED_SELECTOR = YES;
				GCC_WARN_UNINITIALIZED_AUTOS = YES_AGGRESSIVE;
				GCC_WARN_UNUSED_FUNCTION = YES;
				GCC_WARN_UNUSED_VARIABLE = YES;
				IPHONEOS_DEPLOYMENT_TARGET = 11.1;
				MTL_ENABLE_DEBUG_INFO = NO;
				SDKROOT = iphoneos;
				SWIFT_OPTIMIZATION_LEVEL = "-Owholemodule";
				VALIDATE_PRODUCT = YES;
			};
			name = Release;
		};
		CEB1AE821FFBDDDC0082A7D8 /* Debug */ = {
			isa = XCBuildConfiguration;
			baseConfigurationReference = 876AF484FF431AE1A06C3FE6 /* Pods-GNP.debug.xcconfig */;
			buildSettings = {
				ASSETCATALOG_COMPILER_APPICON_NAME = AppIcon;
				CODE_SIGN_STYLE = Automatic;
				DEVELOPMENT_TEAM = 79C33ML62N;
				INFOPLIST_FILE = GNP/Info.plist;
				IPHONEOS_DEPLOYMENT_TARGET = 11.2;
				LD_RUNPATH_SEARCH_PATHS = "$(inherited) @executable_path/Frameworks";
				MTL_ENABLE_DEBUG_INFO = NO;
				PRODUCT_BUNDLE_IDENTIFIER = CHI.GNP;
				PRODUCT_NAME = "$(TARGET_NAME)";
				SWIFT_VERSION = 4.0;
				TARGETED_DEVICE_FAMILY = "1,2";
			};
			name = Debug;
		};
		CEB1AE831FFBDDDC0082A7D8 /* Release */ = {
			isa = XCBuildConfiguration;
			baseConfigurationReference = CD46C6C13A247725959ECFDD /* Pods-GNP.release.xcconfig */;
			buildSettings = {
				ASSETCATALOG_COMPILER_APPICON_NAME = AppIcon;
				CODE_SIGN_STYLE = Automatic;
				DEVELOPMENT_TEAM = 79C33ML62N;
				INFOPLIST_FILE = GNP/Info.plist;
				IPHONEOS_DEPLOYMENT_TARGET = 11.2;
				LD_RUNPATH_SEARCH_PATHS = "$(inherited) @executable_path/Frameworks";
				MTL_ENABLE_DEBUG_INFO = YES;
				PRODUCT_BUNDLE_IDENTIFIER = CHI.GNP;
				PRODUCT_NAME = "$(TARGET_NAME)";
				SWIFT_VERSION = 4.0;
				TARGETED_DEVICE_FAMILY = "1,2";
			};
			name = Release;
		};
/* End XCBuildConfiguration section */

/* Begin XCConfigurationList section */
		CEB1AE671FFBDDDC0082A7D8 /* Build configuration list for PBXProject "GNP" */ = {
			isa = XCConfigurationList;
			buildConfigurations = (
				CEB1AE7F1FFBDDDC0082A7D8 /* Debug */,
				CEB1AE801FFBDDDC0082A7D8 /* Release */,
			);
			defaultConfigurationIsVisible = 0;
			defaultConfigurationName = Release;
		};
		CEB1AE811FFBDDDC0082A7D8 /* Build configuration list for PBXNativeTarget "GNP" */ = {
			isa = XCConfigurationList;
			buildConfigurations = (
				CEB1AE821FFBDDDC0082A7D8 /* Debug */,
				CEB1AE831FFBDDDC0082A7D8 /* Release */,
			);
			defaultConfigurationIsVisible = 0;
			defaultConfigurationName = Release;
		};
/* End XCConfigurationList section */

/* Begin XCVersionGroup section */
		CEB1AE761FFBDDDC0082A7D8 /* GNP.xcdatamodeld */ = {
			isa = XCVersionGroup;
			children = (
				CEB1AE771FFBDDDC0082A7D8 /* GNP.xcdatamodel */,
			);
			currentVersion = CEB1AE771FFBDDDC0082A7D8 /* GNP.xcdatamodel */;
			path = GNP.xcdatamodeld;
			sourceTree = "<group>";
			versionGroupType = wrapper.xcdatamodel;
		};
/* End XCVersionGroup section */
	};
	rootObject = CEB1AE641FFBDDDC0082A7D8 /* Project object */;
}
